<?xml version="1.0" encoding="utf-8"?>
<Project ToolsVersion="4.0" xmlns="http://schemas.microsoft.com/developer/msbuild/2003">
  <ItemGroup>
    <Filter Include="Source Files">
      <UniqueIdentifier>{4FC737F1-C7A5-4376-A066-2A32D752A2FF}</UniqueIdentifier>
      <Extensions>cpp;c;cc;cxx;def;odl;idl;hpj;bat;asm;asmx</Extensions>
    </Filter>
    <Filter Include="Header Files">
      <UniqueIdentifier>{93995380-89BD-4b04-88EB-625FBE52EBFB}</UniqueIdentifier>
      <Extensions>h;hh;hpp;hxx;hm;inl;inc;xsd</Extensions>
    </Filter>
    <Filter Include="Resource Files">
      <UniqueIdentifier>{67DA6AB6-F800-4c08-8B7A-83BB121AAD01}</UniqueIdentifier>
      <Extensions>rc;ico;cur;bmp;dlg;rc2;rct;bin;rgs;gif;jpg;jpeg;jpe;resx;tiff;tif;png;wav;mfcribbon-ms</Extensions>
    </Filter>
    <Filter Include="Audio">
      <UniqueIdentifier>{b460ffeb-790a-489a-9e20-f9adb748f928}</UniqueIdentifier>
    </Filter>
    <Filter Include="Rendering">
      <UniqueIdentifier>{1ab177a1-80de-49c9-ac54-289fbbc9c9e5}</UniqueIdentifier>
    </Filter>
    <Filter Include="Windowing and Input">
      <UniqueIdentifier>{d69f79a2-9da3-495f-9471-bd5892e60bf9}</UniqueIdentifier>
    </Filter>
  </ItemGroup>
  <ItemGroup>
    <ClCompile Include="main.cpp">
      <Filter>Source Files</Filter>
    </ClCompile>
    <ClCompile Include="PS4MemoryAware.cpp">
      <Filter>Source Files</Filter>
    </ClCompile>
    <ClCompile Include="Ps4AudioEmitter.cpp">
      <Filter>Audio</Filter>
    </ClCompile>
    <ClCompile Include="PS4AudioSource.cpp">
      <Filter>Audio</Filter>
    </ClCompile>
    <ClCompile Include="PS4ComputeShader.cpp">
      <Filter>Rendering</Filter>
    </ClCompile>
    <ClCompile Include="PS4RendererBase.cpp">
      <Filter>Rendering</Filter>
    </ClCompile>
    <ClCompile Include="PS4Shader.cpp">
      <Filter>Rendering</Filter>
    </ClCompile>
    <ClCompile Include="PS4Frame.cpp">
      <Filter>Rendering</Filter>
    </ClCompile>
    <ClCompile Include="PS4Mesh.cpp">
      <Filter>Rendering</Filter>
    </ClCompile>
    <ClCompile Include="PS4Sound.cpp">
      <Filter>Audio</Filter>
    </ClCompile>
    <ClCompile Include="InputBase.cpp">
      <Filter>Windowing and Input</Filter>
    </ClCompile>
    <ClCompile Include="PS4Input.cpp">
      <Filter>Windowing and Input</Filter>
    </ClCompile>
    <ClCompile Include="PS4Texture.cpp">
      <Filter>Rendering</Filter>
    </ClCompile>
    <ClCompile Include="PS4Window.cpp">
      <Filter>Windowing and Input</Filter>
    </ClCompile>
    <ClCompile Include="Ps4AudioSystem.cpp">
      <Filter>Audio</Filter>
    </ClCompile>
  </ItemGroup>
  <ItemGroup>
    <ClInclude Include="PS4MemoryAware.h">
      <Filter>Header Files</Filter>
    </ClInclude>
    <ClInclude Include="Ps4AudioEmitter.h">
      <Filter>Audio</Filter>
    </ClInclude>
    <ClInclude Include="PS4AudioSource.h">
      <Filter>Audio</Filter>
    </ClInclude>
    <ClInclude Include="PS4ComputeShader.h">
      <Filter>Rendering</Filter>
    </ClInclude>
    <ClInclude Include="PS4Sound.h">
      <Filter>Audio</Filter>
    </ClInclude>
    <ClInclude Include="PS4Shader.h">
      <Filter>Rendering</Filter>
    </ClInclude>
    <ClInclude Include="PS4Texture.h">
      <Filter>Rendering</Filter>
    </ClInclude>
    <ClInclude Include="PS4Window.h">
      <Filter>Windowing and Input</Filter>
    </ClInclude>
    <ClInclude Include="PS4RendererBase.h">
      <Filter>Rendering</Filter>
    </ClInclude>
    <ClInclude Include="PS4Mesh.h">
      <Filter>Rendering</Filter>
    </ClInclude>
    <ClInclude Include="PS4Input.h">
      <Filter>Windowing and Input</Filter>
    </ClInclude>
    <ClInclude Include="InputBase.h">
      <Filter>Windowing and Input</Filter>
    </ClInclude>
    <ClInclude Include="PS4Frame.h">
      <Filter>Rendering</Filter>
    </ClInclude>
    <ClInclude Include="Ps4AudioSystem.h">
      <Filter>Audio</Filter>
    </ClInclude>
  </ItemGroup>
</Project>